
Microsoft Visual Studio Solution File, Format Version 12.00
# Visual Studio Version 17
VisualStudioVersion = 17.0.32014.148
MinimumVisualStudioVersion = 10.0.40219.1
Project("{FAE04EC0-301F-11D3-BF4B-00C04F79EFBC}") = "231213", "231213\231213.csproj", "{DC96C386-A696-4806-B94C-64BBEA33581A}"
EndProject
Global
	GlobalSection(SolutionConfigurationPlatforms) = preSolution
		Debug|Any CPU = Debug|Any CPU
		Release|Any CPU = Release|Any CPU
	EndGlobalSection
	GlobalSection(ProjectConfigurationPlatforms) = postSolution
		{DC96C386-A696-4806-B94C-64BBEA33581A}.Debug|Any CPU.ActiveCfg = Debug|Any CPU
		{DC96C386-A696-4806-B94C-64BBEA33581A}.Debug|Any CPU.Build.0 = Debug|Any CPU
		{DC96C386-A696-4806-B94C-64BBEA33581A}.Release|Any CPU.ActiveCfg = Release|Any CPU
		{DC96C386-A696-4806-B94C-64BBEA33581A}.Release|Any CPU.Build.0 = Release|Any CPU
	EndGlobalSection
	GlobalSection(SolutionProperties) = preSolution
		HideSolutionNode = FALSE
	EndGlobalSection
	GlobalSection(ExtensibilityGlobals) = postSolution
		SolutionGuid = {E0BA32A1-F510-484A-BD9B-BD7A7515096F}
	EndGlobalSection
EndGlobal
